
Microsoft Visual Studio Solution File, Format Version 12.00
# Visual Studio Version 17
VisualStudioVersion = 17.10.35013.160
MinimumVisualStudioVersion = 10.0.40219.1
Project("{9A19103F-16F7-4668-BE54-9A1E7A4F7556}") = "TestTask", "TestTask.csproj", "{839AFCE2-32C7-459C-8540-30D5A78F9758}"
EndProject
Global
	GlobalSection(SolutionConfigurationPlatforms) = preSolution
		Debug|Any CPU = Debug|Any CPU
		Release|Any CPU = Release|Any CPU
	EndGlobalSection
	GlobalSection(ProjectConfigurationPlatforms) = postSolution
		{839AFCE2-32C7-459C-8540-30D5A78F9758}.Debug|Any CPU.ActiveCfg = Debug|Any CPU
		{839AFCE2-32C7-459C-8540-30D5A78F9758}.Debug|Any CPU.Build.0 = Debug|Any CPU
		{839AFCE2-32C7-459C-8540-30D5A78F9758}.Release|Any CPU.ActiveCfg = Release|Any CPU
		{839AFCE2-32C7-459C-8540-30D5A78F9758}.Release|Any CPU.Build.0 = Release|Any CPU
	EndGlobalSection
	GlobalSection(SolutionProperties) = preSolution
		HideSolutionNode = FALSE
	EndGlobalSection
	GlobalSection(ExtensibilityGlobals) = postSolution
		SolutionGuid = {A707A5EE-727B-4B12-9FBE-CB5B47D162D5}
	EndGlobalSection
EndGlobal
